
Microsoft Visual Studio Solution File, Format Version 12.00
# Visual Studio Version 16
VisualStudioVersion = 16.0.30011.22
MinimumVisualStudioVersion = 10.0.40219.1
Project("{FAE04EC0-301F-11D3-BF4B-00C04F79EFBC}") = "Chuong4_bt1", "Chuong4_bt1.csproj", "{796A1DFC-713E-4412-9898-BD1F90059529}"
EndProject
Global
	GlobalSection(SolutionConfigurationPlatforms) = preSolution
		Debug|Any CPU = Debug|Any CPU
		Release|Any CPU = Release|Any CPU
	EndGlobalSection
	GlobalSection(ProjectConfigurationPlatforms) = postSolution
		{796A1DFC-713E-4412-9898-BD1F90059529}.Debug|Any CPU.ActiveCfg = Debug|Any CPU
		{796A1DFC-713E-4412-9898-BD1F90059529}.Debug|Any CPU.Build.0 = Debug|Any CPU
		{796A1DFC-713E-4412-9898-BD1F90059529}.Release|Any CPU.ActiveCfg = Release|Any CPU
		{796A1DFC-713E-4412-9898-BD1F90059529}.Release|Any CPU.Build.0 = Release|Any CPU
	EndGlobalSection
	GlobalSection(SolutionProperties) = preSolution
		HideSolutionNode = FALSE
	EndGlobalSection
	GlobalSection(ExtensibilityGlobals) = postSolution
		SolutionGuid = {E84DFA39-3939-49D1-8AAA-CA23A8BB79CA}
	EndGlobalSection
EndGlobal
